
Microsoft Visual Studio Solution File, Format Version 12.00
# Visual Studio Version 17
VisualStudioVersion = 17.10.35122.118
MinimumVisualStudioVersion = 10.0.40219.1
Project("{9A19103F-16F7-4668-BE54-9A1E7A4F7556}") = "Person", "Person.csproj", "{6114C2C7-E568-412B-B8D9-A11174C8EEA8}"
EndProject
Global
	GlobalSection(SolutionConfigurationPlatforms) = preSolution
		Debug|Any CPU = Debug|Any CPU
		Release|Any CPU = Release|Any CPU
	EndGlobalSection
	GlobalSection(ProjectConfigurationPlatforms) = postSolution
		{6114C2C7-E568-412B-B8D9-A11174C8EEA8}.Debug|Any CPU.ActiveCfg = Debug|Any CPU
		{6114C2C7-E568-412B-B8D9-A11174C8EEA8}.Debug|Any CPU.Build.0 = Debug|Any CPU
		{6114C2C7-E568-412B-B8D9-A11174C8EEA8}.Release|Any CPU.ActiveCfg = Release|Any CPU
		{6114C2C7-E568-412B-B8D9-A11174C8EEA8}.Release|Any CPU.Build.0 = Release|Any CPU
	EndGlobalSection
	GlobalSection(SolutionProperties) = preSolution
		HideSolutionNode = FALSE
	EndGlobalSection
	GlobalSection(ExtensibilityGlobals) = postSolution
		SolutionGuid = {1004F85B-CB65-4857-A6B7-D151D2455C94}
	EndGlobalSection
EndGlobal
